
Microsoft Visual Studio Solution File, Format Version 12.00
# Visual Studio Version 17
VisualStudioVersion = 17.10.35122.118
MinimumVisualStudioVersion = 10.0.40219.1
Project("{FAE04EC0-301F-11D3-BF4B-00C04F79EFBC}") = "Hangman.UI", "Hangman.UI\Hangman.UI.csproj", "{6A3E3896-3B65-4052-A0B6-12A3EB5DFDFA}"
EndProject
Project("{FAE04EC0-301F-11D3-BF4B-00C04F79EFBC}") = "Hangman.BLL", "Hangman.BLL\Hangman.BLL.csproj", "{C503B9D5-091A-41BF-AA48-D749FADF7C4C}"
EndProject
Project("{FAE04EC0-301F-11D3-BF4B-00C04F79EFBC}") = "Hangman.Tests", "Hangman.Tests\Hangman.Tests.csproj", "{37EA12E9-3706-4A9D-B266-B02D21F1C70A}"
EndProject
Global
	GlobalSection(SolutionConfigurationPlatforms) = preSolution
		Debug|Any CPU = Debug|Any CPU
		Release|Any CPU = Release|Any CPU
	EndGlobalSection
	GlobalSection(ProjectConfigurationPlatforms) = postSolution
		{6A3E3896-3B65-4052-A0B6-12A3EB5DFDFA}.Debug|Any CPU.ActiveCfg = Debug|Any CPU
		{6A3E3896-3B65-4052-A0B6-12A3EB5DFDFA}.Debug|Any CPU.Build.0 = Debug|Any CPU
		{6A3E3896-3B65-4052-A0B6-12A3EB5DFDFA}.Release|Any CPU.ActiveCfg = Release|Any CPU
		{6A3E3896-3B65-4052-A0B6-12A3EB5DFDFA}.Release|Any CPU.Build.0 = Release|Any CPU
		{C503B9D5-091A-41BF-AA48-D749FADF7C4C}.Debug|Any CPU.ActiveCfg = Debug|Any CPU
		{C503B9D5-091A-41BF-AA48-D749FADF7C4C}.Debug|Any CPU.Build.0 = Debug|Any CPU
		{C503B9D5-091A-41BF-AA48-D749FADF7C4C}.Release|Any CPU.ActiveCfg = Release|Any CPU
		{C503B9D5-091A-41BF-AA48-D749FADF7C4C}.Release|Any CPU.Build.0 = Release|Any CPU
		{37EA12E9-3706-4A9D-B266-B02D21F1C70A}.Debug|Any CPU.ActiveCfg = Debug|Any CPU
		{37EA12E9-3706-4A9D-B266-B02D21F1C70A}.Debug|Any CPU.Build.0 = Debug|Any CPU
		{37EA12E9-3706-4A9D-B266-B02D21F1C70A}.Release|Any CPU.ActiveCfg = Release|Any CPU
		{37EA12E9-3706-4A9D-B266-B02D21F1C70A}.Release|Any CPU.Build.0 = Release|Any CPU
	EndGlobalSection
	GlobalSection(SolutionProperties) = preSolution
		HideSolutionNode = FALSE
	EndGlobalSection
	GlobalSection(ExtensibilityGlobals) = postSolution
		SolutionGuid = {B9CEE8B1-7974-47CC-9D8D-4F67BEABD68C}
	EndGlobalSection
EndGlobal
